
Microsoft Visual Studio Solution File, Format Version 12.00
# Visual Studio Version 17
VisualStudioVersion = 17.0.31903.59
MinimumVisualStudioVersion = 10.0.40219.1
Project("{2150E333-8FDC-42A3-9474-1A3956D46DE8}") = "src", "src", "{827E0CD3-B72D-47B6-A68D-7590B98EB39B}"
EndProject
Project("{2150E333-8FDC-42A3-9474-1A3956D46DE8}") = "BuildingBlocks", "BuildingBlocks", "{90298CBA-BD6F-3A0A-69D5-97CAD7B05E7E}"
EndProject
Project("{FAE04EC0-301F-11D3-BF4B-00C04F79EFBC}") = "Parking.Domain", "src\BuildingBlocks\Parking.Domain\Parking.Domain.csproj", "{192523C0-9C19-4FDC-A429-FF655EBEDB24}"
EndProject
Project("{FAE04EC0-301F-11D3-BF4B-00C04F79EFBC}") = "Parking.Contracts", "src\BuildingBlocks\Parking.Contracts\Parking.Contracts.csproj", "{B6D48243-3C81-497E-AE88-960C0F38FA89}"
EndProject
Project("{2150E333-8FDC-42A3-9474-1A3956D46DE8}") = "tests", "tests", "{0AB3BF05-4346-4AA6-1389-037BE0695223}"
EndProject
Project("{FAE04EC0-301F-11D3-BF4B-00C04F79EFBC}") = "Parking.Domain.Tests", "tests\Parking.Domain.Tests\Parking.Domain.Tests.csproj", "{79826D96-A287-4533-9ABD-C1D7419B177F}"
EndProject
Project("{2150E333-8FDC-42A3-9474-1A3956D46DE8}") = "Central", "Central", "{89195377-E0BD-DA85-8C6E-E0432B21E11F}"
EndProject
Project("{FAE04EC0-301F-11D3-BF4B-00C04F79EFBC}") = "Parking.Central.Data", "src\Central\Parking.Central.Data\Parking.Central.Data.csproj", "{8E5F7D30-BD2D-4A10-A6D4-D96461A8F355}"
EndProject
Project("{FAE04EC0-301F-11D3-BF4B-00C04F79EFBC}") = "Parking.Api.Tests", "tests\Parking.Api.Tests\Parking.Api.Tests.csproj", "{DD9470A2-C61A-40AA-B878-EDE1F333785B}"
EndProject
Project("{FAE04EC0-301F-11D3-BF4B-00C04F79EFBC}") = "Parking.Api", "src\Central\Parking.Api\Parking.Api.csproj", "{83C03D1A-E701-4B38-A934-D1EB79085F1B}"
EndProject
Project("{FAE04EC0-301F-11D3-BF4B-00C04F79EFBC}") = "Parking.EdgeGateway", "src\Central\Parking.EdgeGateway\Parking.EdgeGateway.csproj", "{414C1EEC-BDB2-47C4-BBF9-6B94E9E4F7CB}"
EndProject
Project("{2150E333-8FDC-42A3-9474-1A3956D46DE8}") = "Edge", "Edge", "{4180810C-B9DC-9A52-1CDC-490F69969972}"
EndProject
Project("{FAE04EC0-301F-11D3-BF4B-00C04F79EFBC}") = "Parking.EdgeService", "src\Edge\Parking.EdgeService\Parking.EdgeService.csproj", "{CDBBB46B-4F3B-4F79-8A7B-0795900DD951}"
EndProject
Project("{FAE04EC0-301F-11D3-BF4B-00C04F79EFBC}") = "Parking.FeeEngine", "src\\FeeEngine\\Parking.FeeEngine.csproj", "{7D3F52B7-C780-4E21-9F4C-228B2C5D83D6}"
EndProject
Global
	GlobalSection(SolutionConfigurationPlatforms) = preSolution
		Debug|Any CPU = Debug|Any CPU
		Debug|x64 = Debug|x64
		Debug|x86 = Debug|x86
		Release|Any CPU = Release|Any CPU
		Release|x64 = Release|x64
		Release|x86 = Release|x86
	EndGlobalSection
	GlobalSection(ProjectConfigurationPlatforms) = postSolution
		{192523C0-9C19-4FDC-A429-FF655EBEDB24}.Debug|Any CPU.ActiveCfg = Debug|Any CPU
		{192523C0-9C19-4FDC-A429-FF655EBEDB24}.Debug|Any CPU.Build.0 = Debug|Any CPU
		{192523C0-9C19-4FDC-A429-FF655EBEDB24}.Debug|x64.ActiveCfg = Debug|Any CPU
		{192523C0-9C19-4FDC-A429-FF655EBEDB24}.Debug|x64.Build.0 = Debug|Any CPU
		{192523C0-9C19-4FDC-A429-FF655EBEDB24}.Debug|x86.ActiveCfg = Debug|Any CPU
		{192523C0-9C19-4FDC-A429-FF655EBEDB24}.Debug|x86.Build.0 = Debug|Any CPU
		{192523C0-9C19-4FDC-A429-FF655EBEDB24}.Release|Any CPU.ActiveCfg = Release|Any CPU
		{192523C0-9C19-4FDC-A429-FF655EBEDB24}.Release|Any CPU.Build.0 = Release|Any CPU
		{192523C0-9C19-4FDC-A429-FF655EBEDB24}.Release|x64.ActiveCfg = Release|Any CPU
		{192523C0-9C19-4FDC-A429-FF655EBEDB24}.Release|x64.Build.0 = Release|Any CPU
		{192523C0-9C19-4FDC-A429-FF655EBEDB24}.Release|x86.ActiveCfg = Release|Any CPU
		{192523C0-9C19-4FDC-A429-FF655EBEDB24}.Release|x86.Build.0 = Release|Any CPU
		{B6D48243-3C81-497E-AE88-960C0F38FA89}.Debug|Any CPU.ActiveCfg = Debug|Any CPU
		{B6D48243-3C81-497E-AE88-960C0F38FA89}.Debug|Any CPU.Build.0 = Debug|Any CPU
		{B6D48243-3C81-497E-AE88-960C0F38FA89}.Debug|x64.ActiveCfg = Debug|Any CPU
		{B6D48243-3C81-497E-AE88-960C0F38FA89}.Debug|x64.Build.0 = Debug|Any CPU
		{B6D48243-3C81-497E-AE88-960C0F38FA89}.Debug|x86.ActiveCfg = Debug|Any CPU
		{B6D48243-3C81-497E-AE88-960C0F38FA89}.Debug|x86.Build.0 = Debug|Any CPU
		{B6D48243-3C81-497E-AE88-960C0F38FA89}.Release|Any CPU.ActiveCfg = Release|Any CPU
		{B6D48243-3C81-497E-AE88-960C0F38FA89}.Release|Any CPU.Build.0 = Release|Any CPU
		{B6D48243-3C81-497E-AE88-960C0F38FA89}.Release|x64.ActiveCfg = Release|Any CPU
		{B6D48243-3C81-497E-AE88-960C0F38FA89}.Release|x64.Build.0 = Release|Any CPU
		{B6D48243-3C81-497E-AE88-960C0F38FA89}.Release|x86.ActiveCfg = Release|Any CPU
		{B6D48243-3C81-497E-AE88-960C0F38FA89}.Release|x86.Build.0 = Release|Any CPU
		{79826D96-A287-4533-9ABD-C1D7419B177F}.Debug|Any CPU.ActiveCfg = Debug|Any CPU
		{79826D96-A287-4533-9ABD-C1D7419B177F}.Debug|Any CPU.Build.0 = Debug|Any CPU
		{79826D96-A287-4533-9ABD-C1D7419B177F}.Debug|x64.ActiveCfg = Debug|Any CPU
		{79826D96-A287-4533-9ABD-C1D7419B177F}.Debug|x64.Build.0 = Debug|Any CPU
		{79826D96-A287-4533-9ABD-C1D7419B177F}.Debug|x86.ActiveCfg = Debug|Any CPU
		{79826D96-A287-4533-9ABD-C1D7419B177F}.Debug|x86.Build.0 = Debug|Any CPU
		{79826D96-A287-4533-9ABD-C1D7419B177F}.Release|Any CPU.ActiveCfg = Release|Any CPU
		{79826D96-A287-4533-9ABD-C1D7419B177F}.Release|Any CPU.Build.0 = Release|Any CPU
		{79826D96-A287-4533-9ABD-C1D7419B177F}.Release|x64.ActiveCfg = Release|Any CPU
		{79826D96-A287-4533-9ABD-C1D7419B177F}.Release|x64.Build.0 = Release|Any CPU
		{79826D96-A287-4533-9ABD-C1D7419B177F}.Release|x86.ActiveCfg = Release|Any CPU
		{79826D96-A287-4533-9ABD-C1D7419B177F}.Release|x86.Build.0 = Release|Any CPU
		{8E5F7D30-BD2D-4A10-A6D4-D96461A8F355}.Debug|Any CPU.ActiveCfg = Debug|Any CPU
		{8E5F7D30-BD2D-4A10-A6D4-D96461A8F355}.Debug|Any CPU.Build.0 = Debug|Any CPU
		{8E5F7D30-BD2D-4A10-A6D4-D96461A8F355}.Debug|x64.ActiveCfg = Debug|Any CPU
		{8E5F7D30-BD2D-4A10-A6D4-D96461A8F355}.Debug|x64.Build.0 = Debug|Any CPU
		{8E5F7D30-BD2D-4A10-A6D4-D96461A8F355}.Debug|x86.ActiveCfg = Debug|Any CPU
		{8E5F7D30-BD2D-4A10-A6D4-D96461A8F355}.Debug|x86.Build.0 = Debug|Any CPU
		{8E5F7D30-BD2D-4A10-A6D4-D96461A8F355}.Release|Any CPU.ActiveCfg = Release|Any CPU
		{8E5F7D30-BD2D-4A10-A6D4-D96461A8F355}.Release|Any CPU.Build.0 = Release|Any CPU
		{8E5F7D30-BD2D-4A10-A6D4-D96461A8F355}.Release|x64.ActiveCfg = Release|Any CPU
		{8E5F7D30-BD2D-4A10-A6D4-D96461A8F355}.Release|x64.Build.0 = Release|Any CPU
		{8E5F7D30-BD2D-4A10-A6D4-D96461A8F355}.Release|x86.ActiveCfg = Release|Any CPU
		{8E5F7D30-BD2D-4A10-A6D4-D96461A8F355}.Release|x86.Build.0 = Release|Any CPU
		{DD9470A2-C61A-40AA-B878-EDE1F333785B}.Debug|Any CPU.ActiveCfg = Debug|Any CPU
		{DD9470A2-C61A-40AA-B878-EDE1F333785B}.Debug|Any CPU.Build.0 = Debug|Any CPU
		{DD9470A2-C61A-40AA-B878-EDE1F333785B}.Debug|x64.ActiveCfg = Debug|Any CPU
		{DD9470A2-C61A-40AA-B878-EDE1F333785B}.Debug|x64.Build.0 = Debug|Any CPU
		{DD9470A2-C61A-40AA-B878-EDE1F333785B}.Debug|x86.ActiveCfg = Debug|Any CPU
		{DD9470A2-C61A-40AA-B878-EDE1F333785B}.Debug|x86.Build.0 = Debug|Any CPU
		{DD9470A2-C61A-40AA-B878-EDE1F333785B}.Release|Any CPU.ActiveCfg = Release|Any CPU
		{DD9470A2-C61A-40AA-B878-EDE1F333785B}.Release|Any CPU.Build.0 = Release|Any CPU
		{DD9470A2-C61A-40AA-B878-EDE1F333785B}.Release|x64.ActiveCfg = Release|Any CPU
		{DD9470A2-C61A-40AA-B878-EDE1F333785B}.Release|x64.Build.0 = Release|Any CPU
		{DD9470A2-C61A-40AA-B878-EDE1F333785B}.Release|x86.ActiveCfg = Release|Any CPU
		{DD9470A2-C61A-40AA-B878-EDE1F333785B}.Release|x86.Build.0 = Release|Any CPU
		{83C03D1A-E701-4B38-A934-D1EB79085F1B}.Debug|Any CPU.ActiveCfg = Debug|Any CPU
		{83C03D1A-E701-4B38-A934-D1EB79085F1B}.Debug|Any CPU.Build.0 = Debug|Any CPU
		{83C03D1A-E701-4B38-A934-D1EB79085F1B}.Debug|x64.ActiveCfg = Debug|Any CPU
		{83C03D1A-E701-4B38-A934-D1EB79085F1B}.Debug|x64.Build.0 = Debug|Any CPU
		{83C03D1A-E701-4B38-A934-D1EB79085F1B}.Debug|x86.ActiveCfg = Debug|Any CPU
		{83C03D1A-E701-4B38-A934-D1EB79085F1B}.Debug|x86.Build.0 = Debug|Any CPU
		{83C03D1A-E701-4B38-A934-D1EB79085F1B}.Release|Any CPU.ActiveCfg = Release|Any CPU
		{83C03D1A-E701-4B38-A934-D1EB79085F1B}.Release|Any CPU.Build.0 = Release|Any CPU
		{83C03D1A-E701-4B38-A934-D1EB79085F1B}.Release|x64.ActiveCfg = Release|Any CPU
		{83C03D1A-E701-4B38-A934-D1EB79085F1B}.Release|x64.Build.0 = Release|Any CPU
		{83C03D1A-E701-4B38-A934-D1EB79085F1B}.Release|x86.ActiveCfg = Release|Any CPU
		{83C03D1A-E701-4B38-A934-D1EB79085F1B}.Release|x86.Build.0 = Release|Any CPU
		{414C1EEC-BDB2-47C4-BBF9-6B94E9E4F7CB}.Debug|Any CPU.ActiveCfg = Debug|Any CPU
		{414C1EEC-BDB2-47C4-BBF9-6B94E9E4F7CB}.Debug|Any CPU.Build.0 = Debug|Any CPU
		{414C1EEC-BDB2-47C4-BBF9-6B94E9E4F7CB}.Debug|x64.ActiveCfg = Debug|Any CPU
		{414C1EEC-BDB2-47C4-BBF9-6B94E9E4F7CB}.Debug|x64.Build.0 = Debug|Any CPU
		{414C1EEC-BDB2-47C4-BBF9-6B94E9E4F7CB}.Debug|x86.ActiveCfg = Debug|Any CPU
		{414C1EEC-BDB2-47C4-BBF9-6B94E9E4F7CB}.Debug|x86.Build.0 = Debug|Any CPU
		{414C1EEC-BDB2-47C4-BBF9-6B94E9E4F7CB}.Release|Any CPU.ActiveCfg = Release|Any CPU
		{414C1EEC-BDB2-47C4-BBF9-6B94E9E4F7CB}.Release|Any CPU.Build.0 = Release|Any CPU
		{414C1EEC-BDB2-47C4-BBF9-6B94E9E4F7CB}.Release|x64.ActiveCfg = Release|Any CPU
		{414C1EEC-BDB2-47C4-BBF9-6B94E9E4F7CB}.Release|x64.Build.0 = Release|Any CPU
		{414C1EEC-BDB2-47C4-BBF9-6B94E9E4F7CB}.Release|x86.ActiveCfg = Release|Any CPU
		{414C1EEC-BDB2-47C4-BBF9-6B94E9E4F7CB}.Release|x86.Build.0 = Release|Any CPU
		{CDBBB46B-4F3B-4F79-8A7B-0795900DD951}.Debug|Any CPU.ActiveCfg = Debug|Any CPU
		{CDBBB46B-4F3B-4F79-8A7B-0795900DD951}.Debug|Any CPU.Build.0 = Debug|Any CPU
		{CDBBB46B-4F3B-4F79-8A7B-0795900DD951}.Debug|x64.ActiveCfg = Debug|Any CPU
		{CDBBB46B-4F3B-4F79-8A7B-0795900DD951}.Debug|x64.Build.0 = Debug|Any CPU
		{CDBBB46B-4F3B-4F79-8A7B-0795900DD951}.Debug|x86.ActiveCfg = Debug|Any CPU
		{CDBBB46B-4F3B-4F79-8A7B-0795900DD951}.Debug|x86.Build.0 = Debug|Any CPU
		{CDBBB46B-4F3B-4F79-8A7B-0795900DD951}.Release|Any CPU.ActiveCfg = Release|Any CPU
		{CDBBB46B-4F3B-4F79-8A7B-0795900DD951}.Release|Any CPU.Build.0 = Release|Any CPU
		{CDBBB46B-4F3B-4F79-8A7B-0795900DD951}.Release|x64.ActiveCfg = Release|Any CPU
		{CDBBB46B-4F3B-4F79-8A7B-0795900DD951}.Release|x64.Build.0 = Release|Any CPU
		{CDBBB46B-4F3B-4F79-8A7B-0795900DD951}.Release|x86.ActiveCfg = Release|Any CPU
		{CDBBB46B-4F3B-4F79-8A7B-0795900DD951}.Release|x86.Build.0 = Release|Any CPU
		{7D3F52B7-C780-4E21-9F4C-228B2C5D83D6}.Debug|Any CPU.ActiveCfg = Debug|Any CPU
		{7D3F52B7-C780-4E21-9F4C-228B2C5D83D6}.Debug|Any CPU.Build.0 = Debug|Any CPU
		{7D3F52B7-C780-4E21-9F4C-228B2C5D83D6}.Debug|x64.ActiveCfg = Debug|Any CPU
		{7D3F52B7-C780-4E21-9F4C-228B2C5D83D6}.Debug|x64.Build.0 = Debug|Any CPU
		{7D3F52B7-C780-4E21-9F4C-228B2C5D83D6}.Debug|x86.ActiveCfg = Debug|Any CPU
		{7D3F52B7-C780-4E21-9F4C-228B2C5D83D6}.Debug|x86.Build.0 = Debug|Any CPU
		{7D3F52B7-C780-4E21-9F4C-228B2C5D83D6}.Release|Any CPU.ActiveCfg = Release|Any CPU
		{7D3F52B7-C780-4E21-9F4C-228B2C5D83D6}.Release|Any CPU.Build.0 = Release|Any CPU
		{7D3F52B7-C780-4E21-9F4C-228B2C5D83D6}.Release|x64.ActiveCfg = Release|Any CPU
		{7D3F52B7-C780-4E21-9F4C-228B2C5D83D6}.Release|x64.Build.0 = Release|Any CPU
		{7D3F52B7-C780-4E21-9F4C-228B2C5D83D6}.Release|x86.ActiveCfg = Release|Any CPU
		{7D3F52B7-C780-4E21-9F4C-228B2C5D83D6}.Release|x86.Build.0 = Release|Any CPU
	EndGlobalSection
	GlobalSection(SolutionProperties) = preSolution
		HideSolutionNode = FALSE
	EndGlobalSection
	GlobalSection(NestedProjects) = preSolution
		{90298CBA-BD6F-3A0A-69D5-97CAD7B05E7E} = {827E0CD3-B72D-47B6-A68D-7590B98EB39B}
		{192523C0-9C19-4FDC-A429-FF655EBEDB24} = {90298CBA-BD6F-3A0A-69D5-97CAD7B05E7E}
		{B6D48243-3C81-497E-AE88-960C0F38FA89} = {90298CBA-BD6F-3A0A-69D5-97CAD7B05E7E}
		{79826D96-A287-4533-9ABD-C1D7419B177F} = {0AB3BF05-4346-4AA6-1389-037BE0695223}
		{89195377-E0BD-DA85-8C6E-E0432B21E11F} = {827E0CD3-B72D-47B6-A68D-7590B98EB39B}
		{8E5F7D30-BD2D-4A10-A6D4-D96461A8F355} = {89195377-E0BD-DA85-8C6E-E0432B21E11F}
		{DD9470A2-C61A-40AA-B878-EDE1F333785B} = {0AB3BF05-4346-4AA6-1389-037BE0695223}
		{83C03D1A-E701-4B38-A934-D1EB79085F1B} = {89195377-E0BD-DA85-8C6E-E0432B21E11F}
		{414C1EEC-BDB2-47C4-BBF9-6B94E9E4F7CB} = {89195377-E0BD-DA85-8C6E-E0432B21E11F}
		{4180810C-B9DC-9A52-1CDC-490F69969972} = {827E0CD3-B72D-47B6-A68D-7590B98EB39B}
		{CDBBB46B-4F3B-4F79-8A7B-0795900DD951} = {4180810C-B9DC-9A52-1CDC-490F69969972}
		{7D3F52B7-C780-4E21-9F4C-228B2C5D83D6} = {90298CBA-BD6F-3A0A-69D5-97CAD7B05E7E}
	EndGlobalSection
EndGlobal
